
Microsoft Visual Studio Solution File, Format Version 12.00
# Visual Studio 2012
Project("{FAE04EC0-301F-11D3-BF4B-00C04F79EFBC}") = "Xrm.Oss.RecursiveDescentParser", "src/lib/Xrm.Oss.RecursiveDescentParser\Xrm.Oss.RecursiveDescentParser.csproj", "{49ADDB8F-E8A8-4087-A1DC-F28CF3A9748F}"
EndProject
Project("{FAE04EC0-301F-11D3-BF4B-00C04F79EFBC}") = "Xrm.Oss.RecursiveDescentParser.Tests", "src/test/Xrm.Oss.RecursiveDescentParser.Tests\Xrm.Oss.RecursiveDescentParser.Tests.csproj", "{2F63E2A2-B455-4DD9-B806-22796B24C793}"
EndProject
Global
	GlobalSection(SolutionConfigurationPlatforms) = preSolution
		Debug|Any CPU = Debug|Any CPU
		Release|Any CPU = Release|Any CPU
	EndGlobalSection
	GlobalSection(ProjectConfigurationPlatforms) = postSolution
		{49ADDB8F-E8A8-4087-A1DC-F28CF3A9748F}.Debug|Any CPU.ActiveCfg = Debug|Any CPU
		{49ADDB8F-E8A8-4087-A1DC-F28CF3A9748F}.Debug|Any CPU.Build.0 = Debug|Any CPU
		{49ADDB8F-E8A8-4087-A1DC-F28CF3A9748F}.Release|Any CPU.ActiveCfg = Release|Any CPU
		{49ADDB8F-E8A8-4087-A1DC-F28CF3A9748F}.Release|Any CPU.Build.0 = Release|Any CPU
		{2F63E2A2-B455-4DD9-B806-22796B24C793}.Debug|Any CPU.ActiveCfg = Debug|Any CPU
		{2F63E2A2-B455-4DD9-B806-22796B24C793}.Debug|Any CPU.Build.0 = Debug|Any CPU
		{2F63E2A2-B455-4DD9-B806-22796B24C793}.Release|Any CPU.ActiveCfg = Release|Any CPU
		{2F63E2A2-B455-4DD9-B806-22796B24C793}.Release|Any CPU.Build.0 = Release|Any CPU
	EndGlobalSection
EndGlobal
